
Microsoft Visual Studio Solution File, Format Version 12.00
# Visual Studio Version 16
VisualStudioVersion = 16.0.29001.49
MinimumVisualStudioVersion = 10.0.40219.1
Project("{2150E333-8FDC-42A3-9474-1A3956D46DE8}") = "FactoryMethod", "FactoryMethod", "{65DA8780-EEB8-4FB0-8227-843A06045A90}"
EndProject
Project("{2150E333-8FDC-42A3-9474-1A3956D46DE8}") = "AbstractFactory", "AbstractFactory", "{89F4E9F7-DAF7-4F9C-82AD-5BFE50A4B2B9}"
EndProject
Project("{9A19103F-16F7-4668-BE54-9A1E7A4F7556}") = "AbstractFactoryConsole", "AbstractFactoryConsole\AbstractFactoryConsole.csproj", "{E3111B00-1029-4A63-B5A3-BAF377FFC37C}"
EndProject
Project("{2150E333-8FDC-42A3-9474-1A3956D46DE8}") = "Singleton", "Singleton", "{D88FE67B-EC57-4844-AF92-39F66D77ADE4}"
EndProject
Project("{9A19103F-16F7-4668-BE54-9A1E7A4F7556}") = "SingletonConsole", "SingletonConsole\SingletonConsole.csproj", "{D7B31D1F-E544-4CA1-8A1D-5FCF33347749}"
EndProject
Project("{2150E333-8FDC-42A3-9474-1A3956D46DE8}") = "Builder", "Builder", "{84F2F5E3-E6D6-43C2-AB0C-FB6267A241D3}"
EndProject
Project("{9A19103F-16F7-4668-BE54-9A1E7A4F7556}") = "BuilderConsole", "BuilderConsole\BuilderConsole.csproj", "{AF8EED7C-3B8D-41C8-8F5D-3C67F7991D60}"
EndProject
Project("{2150E333-8FDC-42A3-9474-1A3956D46DE8}") = "Prototype", "Prototype", "{86D31135-0E04-4602-BB33-CE971174B2BF}"
EndProject
Project("{9A19103F-16F7-4668-BE54-9A1E7A4F7556}") = "PrototypeConsole", "PrototypeConsole\PrototypeConsole.csproj", "{9D80477A-6FB8-4064-8391-F28423A01608}"
EndProject
Project("{2150E333-8FDC-42A3-9474-1A3956D46DE8}") = "Creational Patterns", "Creational Patterns", "{F9E3DCB3-6D36-4D88-8B96-CAD52E76619C}"
EndProject
Project("{2150E333-8FDC-42A3-9474-1A3956D46DE8}") = "Structural Patterns", "Structural Patterns", "{969C243F-4510-41D0-87C7-D65E4D6E49B1}"
EndProject
Project("{2150E333-8FDC-42A3-9474-1A3956D46DE8}") = "Adapter", "Adapter", "{200BF0FA-4606-44AA-9950-7E62E68D66A7}"
EndProject
Project("{9A19103F-16F7-4668-BE54-9A1E7A4F7556}") = "AdapterConsole", "AdapterConsole\AdapterConsole.csproj", "{C7D83C07-1F89-4348-BA58-1914C050BD2E}"
EndProject
Project("{2150E333-8FDC-42A3-9474-1A3956D46DE8}") = "Bridge", "Bridge", "{A89DC050-CBD1-43EA-BBCA-AE4E29F32F44}"
EndProject
Project("{9A19103F-16F7-4668-BE54-9A1E7A4F7556}") = "FactoryMethodConsole", "FactoryMethodConsole\FactoryMethodConsole.csproj", "{64FC6FFF-7C48-4763-8EFE-0032455FE7FC}"
EndProject
Project("{9A19103F-16F7-4668-BE54-9A1E7A4F7556}") = "BridgeConsole", "BridgeConsole\BridgeConsole.csproj", "{40729A03-6AAC-4234-A839-6DFCC02DF51B}"
EndProject
Project("{2150E333-8FDC-42A3-9474-1A3956D46DE8}") = "Composite", "Composite", "{5C4477D0-1B20-4A11-8AC7-3A9842CE3D2D}"
EndProject
Project("{9A19103F-16F7-4668-BE54-9A1E7A4F7556}") = "CompositeConsole", "CompositeConsole\CompositeConsole.csproj", "{133A4C0F-6B42-4906-81B8-934552BD9ACF}"
EndProject
Project("{2150E333-8FDC-42A3-9474-1A3956D46DE8}") = "Decorator", "Decorator", "{3502B897-ED57-496D-AF3D-6BE20848BBCC}"
EndProject
Project("{9A19103F-16F7-4668-BE54-9A1E7A4F7556}") = "DecoratorConsole", "DecoratorConsole\DecoratorConsole.csproj", "{2E6B0181-57CF-40AC-832D-7CA7ECCFE709}"
EndProject
Project("{2150E333-8FDC-42A3-9474-1A3956D46DE8}") = "Facade", "Facade", "{F262F211-4BC9-47AB-AFF1-B1EC130C1C26}"
EndProject
Project("{9A19103F-16F7-4668-BE54-9A1E7A4F7556}") = "FacadeConsole", "FacadeConsole\FacadeConsole.csproj", "{29AB6516-5D3A-4EA1-8AD9-430A809CC0CA}"
EndProject
Project("{2150E333-8FDC-42A3-9474-1A3956D46DE8}") = "Proxy", "Proxy", "{49782F6C-B3EE-4AB7-A47E-770602F4E4C0}"
EndProject
Project("{9A19103F-16F7-4668-BE54-9A1E7A4F7556}") = "ProxyConsole", "ProxyConsole\ProxyConsole.csproj", "{4F155EE7-AB7C-4665-B270-AC4578CC98DC}"
EndProject
Project("{2150E333-8FDC-42A3-9474-1A3956D46DE8}") = "Flyweight", "Flyweight", "{65BBBF48-E306-4AE5-B2C5-50F41EE61CC3}"
EndProject
Project("{9A19103F-16F7-4668-BE54-9A1E7A4F7556}") = "FlyweightConsole", "FlyweightConsole\FlyweightConsole.csproj", "{56D78717-946E-4DCE-9D8A-A7563A904B93}"
EndProject
Project("{2150E333-8FDC-42A3-9474-1A3956D46DE8}") = "Behavioral Patterns", "Behavioral Patterns", "{45ED1732-BB3A-4B3A-BC61-40087C473D97}"
EndProject
Project("{FAE04EC0-301F-11D3-BF4B-00C04F79EFBC}") = "ChainOfResponsibilityConsole", "ChainOfResponsibilityConsole\ChainOfResponsibilityConsole.csproj", "{9032E4E4-A0BC-4CEE-8EC1-65D460E4FB0A}"
EndProject
Project("{FAE04EC0-301F-11D3-BF4B-00C04F79EFBC}") = "CommandConsole", "CommandConsole\CommandConsole.csproj", "{33891B8A-9383-4C51-946F-61C193892CBF}"
EndProject
Project("{FAE04EC0-301F-11D3-BF4B-00C04F79EFBC}") = "IteratorConsole", "IteratorConsole\IteratorConsole.csproj", "{61BE59F0-5F79-44BE-996A-8024EDDCC0B9}"
EndProject
Project("{FAE04EC0-301F-11D3-BF4B-00C04F79EFBC}") = "MediatorConsole", "MediatorConsole\MediatorConsole.csproj", "{BD1E14C7-44B3-45E4-9153-F20085277391}"
EndProject
Project("{FAE04EC0-301F-11D3-BF4B-00C04F79EFBC}") = "MementoConsole", "MementoConsole\MementoConsole.csproj", "{F38F9C50-577F-432B-A2C1-3E59B2D2660D}"
EndProject
Project("{FAE04EC0-301F-11D3-BF4B-00C04F79EFBC}") = "ObserverConsole", "ObserverConsole\ObserverConsole.csproj", "{07ABD4B1-5904-4215-A95B-F0B316976C5D}"
EndProject
Project("{FAE04EC0-301F-11D3-BF4B-00C04F79EFBC}") = "StateConsole", "StateConsole\StateConsole.csproj", "{9AF7A93E-79A6-4DD8-B08E-C8832564F77B}"
EndProject
Project("{FAE04EC0-301F-11D3-BF4B-00C04F79EFBC}") = "StrategyConsole", "StrategyConsole\StrategyConsole.csproj", "{C7CB0F2C-42D0-485E-9921-EC5348CB3644}"
EndProject
Project("{FAE04EC0-301F-11D3-BF4B-00C04F79EFBC}") = "TemplateMethodConsole", "TemplateMethodConsole\TemplateMethodConsole.csproj", "{0D0A3FB4-2E4B-4757-BFC9-2C15223755AD}"
EndProject
Project("{FAE04EC0-301F-11D3-BF4B-00C04F79EFBC}") = "VisitorConsole", "VisitorConsole\VisitorConsole.csproj", "{14E2B78F-6608-4979-8231-71A6B7F60B0C}"
EndProject
Global
	GlobalSection(SolutionConfigurationPlatforms) = preSolution
		Debug|Any CPU = Debug|Any CPU
		Release|Any CPU = Release|Any CPU
	EndGlobalSection
	GlobalSection(ProjectConfigurationPlatforms) = postSolution
		{E3111B00-1029-4A63-B5A3-BAF377FFC37C}.Debug|Any CPU.ActiveCfg = Debug|Any CPU
		{E3111B00-1029-4A63-B5A3-BAF377FFC37C}.Debug|Any CPU.Build.0 = Debug|Any CPU
		{E3111B00-1029-4A63-B5A3-BAF377FFC37C}.Release|Any CPU.ActiveCfg = Release|Any CPU
		{E3111B00-1029-4A63-B5A3-BAF377FFC37C}.Release|Any CPU.Build.0 = Release|Any CPU
		{D7B31D1F-E544-4CA1-8A1D-5FCF33347749}.Debug|Any CPU.ActiveCfg = Debug|Any CPU
		{D7B31D1F-E544-4CA1-8A1D-5FCF33347749}.Debug|Any CPU.Build.0 = Debug|Any CPU
		{D7B31D1F-E544-4CA1-8A1D-5FCF33347749}.Release|Any CPU.ActiveCfg = Release|Any CPU
		{D7B31D1F-E544-4CA1-8A1D-5FCF33347749}.Release|Any CPU.Build.0 = Release|Any CPU
		{AF8EED7C-3B8D-41C8-8F5D-3C67F7991D60}.Debug|Any CPU.ActiveCfg = Debug|Any CPU
		{AF8EED7C-3B8D-41C8-8F5D-3C67F7991D60}.Debug|Any CPU.Build.0 = Debug|Any CPU
		{AF8EED7C-3B8D-41C8-8F5D-3C67F7991D60}.Release|Any CPU.ActiveCfg = Release|Any CPU
		{AF8EED7C-3B8D-41C8-8F5D-3C67F7991D60}.Release|Any CPU.Build.0 = Release|Any CPU
		{9D80477A-6FB8-4064-8391-F28423A01608}.Debug|Any CPU.ActiveCfg = Debug|Any CPU
		{9D80477A-6FB8-4064-8391-F28423A01608}.Debug|Any CPU.Build.0 = Debug|Any CPU
		{9D80477A-6FB8-4064-8391-F28423A01608}.Release|Any CPU.ActiveCfg = Release|Any CPU
		{9D80477A-6FB8-4064-8391-F28423A01608}.Release|Any CPU.Build.0 = Release|Any CPU
		{C7D83C07-1F89-4348-BA58-1914C050BD2E}.Debug|Any CPU.ActiveCfg = Debug|Any CPU
		{C7D83C07-1F89-4348-BA58-1914C050BD2E}.Debug|Any CPU.Build.0 = Debug|Any CPU
		{C7D83C07-1F89-4348-BA58-1914C050BD2E}.Release|Any CPU.ActiveCfg = Release|Any CPU
		{C7D83C07-1F89-4348-BA58-1914C050BD2E}.Release|Any CPU.Build.0 = Release|Any CPU
		{64FC6FFF-7C48-4763-8EFE-0032455FE7FC}.Debug|Any CPU.ActiveCfg = Debug|Any CPU
		{64FC6FFF-7C48-4763-8EFE-0032455FE7FC}.Debug|Any CPU.Build.0 = Debug|Any CPU
		{64FC6FFF-7C48-4763-8EFE-0032455FE7FC}.Release|Any CPU.ActiveCfg = Release|Any CPU
		{64FC6FFF-7C48-4763-8EFE-0032455FE7FC}.Release|Any CPU.Build.0 = Release|Any CPU
		{40729A03-6AAC-4234-A839-6DFCC02DF51B}.Debug|Any CPU.ActiveCfg = Debug|Any CPU
		{40729A03-6AAC-4234-A839-6DFCC02DF51B}.Debug|Any CPU.Build.0 = Debug|Any CPU
		{40729A03-6AAC-4234-A839-6DFCC02DF51B}.Release|Any CPU.ActiveCfg = Release|Any CPU
		{40729A03-6AAC-4234-A839-6DFCC02DF51B}.Release|Any CPU.Build.0 = Release|Any CPU
		{133A4C0F-6B42-4906-81B8-934552BD9ACF}.Debug|Any CPU.ActiveCfg = Debug|Any CPU
		{133A4C0F-6B42-4906-81B8-934552BD9ACF}.Debug|Any CPU.Build.0 = Debug|Any CPU
		{133A4C0F-6B42-4906-81B8-934552BD9ACF}.Release|Any CPU.ActiveCfg = Release|Any CPU
		{133A4C0F-6B42-4906-81B8-934552BD9ACF}.Release|Any CPU.Build.0 = Release|Any CPU
		{2E6B0181-57CF-40AC-832D-7CA7ECCFE709}.Debug|Any CPU.ActiveCfg = Debug|Any CPU
		{2E6B0181-57CF-40AC-832D-7CA7ECCFE709}.Debug|Any CPU.Build.0 = Debug|Any CPU
		{2E6B0181-57CF-40AC-832D-7CA7ECCFE709}.Release|Any CPU.ActiveCfg = Release|Any CPU
		{2E6B0181-57CF-40AC-832D-7CA7ECCFE709}.Release|Any CPU.Build.0 = Release|Any CPU
		{29AB6516-5D3A-4EA1-8AD9-430A809CC0CA}.Debug|Any CPU.ActiveCfg = Debug|Any CPU
		{29AB6516-5D3A-4EA1-8AD9-430A809CC0CA}.Debug|Any CPU.Build.0 = Debug|Any CPU
		{29AB6516-5D3A-4EA1-8AD9-430A809CC0CA}.Release|Any CPU.ActiveCfg = Release|Any CPU
		{29AB6516-5D3A-4EA1-8AD9-430A809CC0CA}.Release|Any CPU.Build.0 = Release|Any CPU
		{4F155EE7-AB7C-4665-B270-AC4578CC98DC}.Debug|Any CPU.ActiveCfg = Debug|Any CPU
		{4F155EE7-AB7C-4665-B270-AC4578CC98DC}.Debug|Any CPU.Build.0 = Debug|Any CPU
		{4F155EE7-AB7C-4665-B270-AC4578CC98DC}.Release|Any CPU.ActiveCfg = Release|Any CPU
		{4F155EE7-AB7C-4665-B270-AC4578CC98DC}.Release|Any CPU.Build.0 = Release|Any CPU
		{56D78717-946E-4DCE-9D8A-A7563A904B93}.Debug|Any CPU.ActiveCfg = Debug|Any CPU
		{56D78717-946E-4DCE-9D8A-A7563A904B93}.Debug|Any CPU.Build.0 = Debug|Any CPU
		{56D78717-946E-4DCE-9D8A-A7563A904B93}.Release|Any CPU.ActiveCfg = Release|Any CPU
		{56D78717-946E-4DCE-9D8A-A7563A904B93}.Release|Any CPU.Build.0 = Release|Any CPU
		{9032E4E4-A0BC-4CEE-8EC1-65D460E4FB0A}.Debug|Any CPU.ActiveCfg = Debug|Any CPU
		{9032E4E4-A0BC-4CEE-8EC1-65D460E4FB0A}.Debug|Any CPU.Build.0 = Debug|Any CPU
		{9032E4E4-A0BC-4CEE-8EC1-65D460E4FB0A}.Release|Any CPU.ActiveCfg = Release|Any CPU
		{9032E4E4-A0BC-4CEE-8EC1-65D460E4FB0A}.Release|Any CPU.Build.0 = Release|Any CPU
		{33891B8A-9383-4C51-946F-61C193892CBF}.Debug|Any CPU.ActiveCfg = Debug|Any CPU
		{33891B8A-9383-4C51-946F-61C193892CBF}.Debug|Any CPU.Build.0 = Debug|Any CPU
		{33891B8A-9383-4C51-946F-61C193892CBF}.Release|Any CPU.ActiveCfg = Release|Any CPU
		{33891B8A-9383-4C51-946F-61C193892CBF}.Release|Any CPU.Build.0 = Release|Any CPU
		{61BE59F0-5F79-44BE-996A-8024EDDCC0B9}.Debug|Any CPU.ActiveCfg = Debug|Any CPU
		{61BE59F0-5F79-44BE-996A-8024EDDCC0B9}.Debug|Any CPU.Build.0 = Debug|Any CPU
		{61BE59F0-5F79-44BE-996A-8024EDDCC0B9}.Release|Any CPU.ActiveCfg = Release|Any CPU
		{61BE59F0-5F79-44BE-996A-8024EDDCC0B9}.Release|Any CPU.Build.0 = Release|Any CPU
		{BD1E14C7-44B3-45E4-9153-F20085277391}.Debug|Any CPU.ActiveCfg = Debug|Any CPU
		{BD1E14C7-44B3-45E4-9153-F20085277391}.Debug|Any CPU.Build.0 = Debug|Any CPU
		{BD1E14C7-44B3-45E4-9153-F20085277391}.Release|Any CPU.ActiveCfg = Release|Any CPU
		{BD1E14C7-44B3-45E4-9153-F20085277391}.Release|Any CPU.Build.0 = Release|Any CPU
		{F38F9C50-577F-432B-A2C1-3E59B2D2660D}.Debug|Any CPU.ActiveCfg = Debug|Any CPU
		{F38F9C50-577F-432B-A2C1-3E59B2D2660D}.Debug|Any CPU.Build.0 = Debug|Any CPU
		{F38F9C50-577F-432B-A2C1-3E59B2D2660D}.Release|Any CPU.ActiveCfg = Release|Any CPU
		{F38F9C50-577F-432B-A2C1-3E59B2D2660D}.Release|Any CPU.Build.0 = Release|Any CPU
		{07ABD4B1-5904-4215-A95B-F0B316976C5D}.Debug|Any CPU.ActiveCfg = Debug|Any CPU
		{07ABD4B1-5904-4215-A95B-F0B316976C5D}.Debug|Any CPU.Build.0 = Debug|Any CPU
		{07ABD4B1-5904-4215-A95B-F0B316976C5D}.Release|Any CPU.ActiveCfg = Release|Any CPU
		{07ABD4B1-5904-4215-A95B-F0B316976C5D}.Release|Any CPU.Build.0 = Release|Any CPU
		{9AF7A93E-79A6-4DD8-B08E-C8832564F77B}.Debug|Any CPU.ActiveCfg = Debug|Any CPU
		{9AF7A93E-79A6-4DD8-B08E-C8832564F77B}.Debug|Any CPU.Build.0 = Debug|Any CPU
		{9AF7A93E-79A6-4DD8-B08E-C8832564F77B}.Release|Any CPU.ActiveCfg = Release|Any CPU
		{9AF7A93E-79A6-4DD8-B08E-C8832564F77B}.Release|Any CPU.Build.0 = Release|Any CPU
		{C7CB0F2C-42D0-485E-9921-EC5348CB3644}.Debug|Any CPU.ActiveCfg = Debug|Any CPU
		{C7CB0F2C-42D0-485E-9921-EC5348CB3644}.Debug|Any CPU.Build.0 = Debug|Any CPU
		{C7CB0F2C-42D0-485E-9921-EC5348CB3644}.Release|Any CPU.ActiveCfg = Release|Any CPU
		{C7CB0F2C-42D0-485E-9921-EC5348CB3644}.Release|Any CPU.Build.0 = Release|Any CPU
		{0D0A3FB4-2E4B-4757-BFC9-2C15223755AD}.Debug|Any CPU.ActiveCfg = Debug|Any CPU
		{0D0A3FB4-2E4B-4757-BFC9-2C15223755AD}.Debug|Any CPU.Build.0 = Debug|Any CPU
		{0D0A3FB4-2E4B-4757-BFC9-2C15223755AD}.Release|Any CPU.ActiveCfg = Release|Any CPU
		{0D0A3FB4-2E4B-4757-BFC9-2C15223755AD}.Release|Any CPU.Build.0 = Release|Any CPU
		{14E2B78F-6608-4979-8231-71A6B7F60B0C}.Debug|Any CPU.ActiveCfg = Debug|Any CPU
		{14E2B78F-6608-4979-8231-71A6B7F60B0C}.Debug|Any CPU.Build.0 = Debug|Any CPU
		{14E2B78F-6608-4979-8231-71A6B7F60B0C}.Release|Any CPU.ActiveCfg = Release|Any CPU
		{14E2B78F-6608-4979-8231-71A6B7F60B0C}.Release|Any CPU.Build.0 = Release|Any CPU
	EndGlobalSection
	GlobalSection(SolutionProperties) = preSolution
		HideSolutionNode = FALSE
	EndGlobalSection
	GlobalSection(NestedProjects) = preSolution
		{65DA8780-EEB8-4FB0-8227-843A06045A90} = {F9E3DCB3-6D36-4D88-8B96-CAD52E76619C}
		{89F4E9F7-DAF7-4F9C-82AD-5BFE50A4B2B9} = {F9E3DCB3-6D36-4D88-8B96-CAD52E76619C}
		{E3111B00-1029-4A63-B5A3-BAF377FFC37C} = {89F4E9F7-DAF7-4F9C-82AD-5BFE50A4B2B9}
		{D88FE67B-EC57-4844-AF92-39F66D77ADE4} = {F9E3DCB3-6D36-4D88-8B96-CAD52E76619C}
		{D7B31D1F-E544-4CA1-8A1D-5FCF33347749} = {D88FE67B-EC57-4844-AF92-39F66D77ADE4}
		{84F2F5E3-E6D6-43C2-AB0C-FB6267A241D3} = {F9E3DCB3-6D36-4D88-8B96-CAD52E76619C}
		{AF8EED7C-3B8D-41C8-8F5D-3C67F7991D60} = {84F2F5E3-E6D6-43C2-AB0C-FB6267A241D3}
		{86D31135-0E04-4602-BB33-CE971174B2BF} = {F9E3DCB3-6D36-4D88-8B96-CAD52E76619C}
		{9D80477A-6FB8-4064-8391-F28423A01608} = {86D31135-0E04-4602-BB33-CE971174B2BF}
		{200BF0FA-4606-44AA-9950-7E62E68D66A7} = {969C243F-4510-41D0-87C7-D65E4D6E49B1}
		{C7D83C07-1F89-4348-BA58-1914C050BD2E} = {200BF0FA-4606-44AA-9950-7E62E68D66A7}
		{A89DC050-CBD1-43EA-BBCA-AE4E29F32F44} = {969C243F-4510-41D0-87C7-D65E4D6E49B1}
		{64FC6FFF-7C48-4763-8EFE-0032455FE7FC} = {65DA8780-EEB8-4FB0-8227-843A06045A90}
		{40729A03-6AAC-4234-A839-6DFCC02DF51B} = {A89DC050-CBD1-43EA-BBCA-AE4E29F32F44}
		{5C4477D0-1B20-4A11-8AC7-3A9842CE3D2D} = {969C243F-4510-41D0-87C7-D65E4D6E49B1}
		{133A4C0F-6B42-4906-81B8-934552BD9ACF} = {5C4477D0-1B20-4A11-8AC7-3A9842CE3D2D}
		{3502B897-ED57-496D-AF3D-6BE20848BBCC} = {969C243F-4510-41D0-87C7-D65E4D6E49B1}
		{2E6B0181-57CF-40AC-832D-7CA7ECCFE709} = {3502B897-ED57-496D-AF3D-6BE20848BBCC}
		{F262F211-4BC9-47AB-AFF1-B1EC130C1C26} = {969C243F-4510-41D0-87C7-D65E4D6E49B1}
		{29AB6516-5D3A-4EA1-8AD9-430A809CC0CA} = {F262F211-4BC9-47AB-AFF1-B1EC130C1C26}
		{49782F6C-B3EE-4AB7-A47E-770602F4E4C0} = {969C243F-4510-41D0-87C7-D65E4D6E49B1}
		{4F155EE7-AB7C-4665-B270-AC4578CC98DC} = {49782F6C-B3EE-4AB7-A47E-770602F4E4C0}
		{65BBBF48-E306-4AE5-B2C5-50F41EE61CC3} = {969C243F-4510-41D0-87C7-D65E4D6E49B1}
		{56D78717-946E-4DCE-9D8A-A7563A904B93} = {65BBBF48-E306-4AE5-B2C5-50F41EE61CC3}
		{9032E4E4-A0BC-4CEE-8EC1-65D460E4FB0A} = {45ED1732-BB3A-4B3A-BC61-40087C473D97}
		{33891B8A-9383-4C51-946F-61C193892CBF} = {45ED1732-BB3A-4B3A-BC61-40087C473D97}
		{61BE59F0-5F79-44BE-996A-8024EDDCC0B9} = {45ED1732-BB3A-4B3A-BC61-40087C473D97}
		{BD1E14C7-44B3-45E4-9153-F20085277391} = {45ED1732-BB3A-4B3A-BC61-40087C473D97}
		{F38F9C50-577F-432B-A2C1-3E59B2D2660D} = {45ED1732-BB3A-4B3A-BC61-40087C473D97}
		{07ABD4B1-5904-4215-A95B-F0B316976C5D} = {45ED1732-BB3A-4B3A-BC61-40087C473D97}
		{9AF7A93E-79A6-4DD8-B08E-C8832564F77B} = {45ED1732-BB3A-4B3A-BC61-40087C473D97}
		{0D0A3FB4-2E4B-4757-BFC9-2C15223755AD} = {45ED1732-BB3A-4B3A-BC61-40087C473D97}
		{14E2B78F-6608-4979-8231-71A6B7F60B0C} = {45ED1732-BB3A-4B3A-BC61-40087C473D97}
	EndGlobalSection
	GlobalSection(ExtensibilityGlobals) = postSolution
		SolutionGuid = {4A719260-6F47-4BE9-B8E5-ADE6B8382C2F}
	EndGlobalSection
EndGlobal
